
Microsoft Visual Studio Solution File, Format Version 12.00
# Visual Studio Version 17
VisualStudioVersion = 17.14.36310.24 d17.14
MinimumVisualStudioVersion = 10.0.40219.1
Project("{FAE04EC0-301F-11D3-BF4B-00C04F79EFBC}") = "class12_task", "class12_task.csproj", "{E44CC48E-6A55-4785-A085-3AA327E0D676}"
EndProject
Global
	GlobalSection(SolutionConfigurationPlatforms) = preSolution
		Debug|Any CPU = Debug|Any CPU
		Release|Any CPU = Release|Any CPU
	EndGlobalSection
	GlobalSection(ProjectConfigurationPlatforms) = postSolution
		{E44CC48E-6A55-4785-A085-3AA327E0D676}.Debug|Any CPU.ActiveCfg = Debug|Any CPU
		{E44CC48E-6A55-4785-A085-3AA327E0D676}.Debug|Any CPU.Build.0 = Debug|Any CPU
		{E44CC48E-6A55-4785-A085-3AA327E0D676}.Release|Any CPU.ActiveCfg = Release|Any CPU
		{E44CC48E-6A55-4785-A085-3AA327E0D676}.Release|Any CPU.Build.0 = Release|Any CPU
	EndGlobalSection
	GlobalSection(SolutionProperties) = preSolution
		HideSolutionNode = FALSE
	EndGlobalSection
	GlobalSection(ExtensibilityGlobals) = postSolution
		SolutionGuid = {F7F1BA77-B29E-4266-9699-D6BB0863D14F}
	EndGlobalSection
EndGlobal
